
Microsoft Visual Studio Solution File, Format Version 12.00
# Visual Studio Version 17
VisualStudioVersion = 17.14.36518.9
MinimumVisualStudioVersion = 10.0.40219.1
Project("{FAE04EC0-301F-11D3-BF4B-00C04F79EFBC}") = "Management.Domain", "Management.Domain.csproj", "{709365C0-8153-447B-B19C-2D6C30BD425F}"
EndProject
Project("{FAE04EC0-301F-11D3-BF4B-00C04F79EFBC}") = "Managment.Infrastucture", "..\Managment.Infrastucture\Managment.Infrastucture.csproj", "{5E4AF994-E23F-4BBE-8507-C5A912F3710D}"
EndProject
Project("{FAE04EC0-301F-11D3-BF4B-00C04F79EFBC}") = "Maangement.Applacation", "..\Maangement.Applacation\Maangement.Applacation.csproj", "{D8BED2AF-243F-47C2-8E78-25A0556CDDB0}"
EndProject
Global
	GlobalSection(SolutionConfigurationPlatforms) = preSolution
		Debug|Any CPU = Debug|Any CPU
		Release|Any CPU = Release|Any CPU
	EndGlobalSection
	GlobalSection(ProjectConfigurationPlatforms) = postSolution
		{709365C0-8153-447B-B19C-2D6C30BD425F}.Debug|Any CPU.ActiveCfg = Debug|Any CPU
		{709365C0-8153-447B-B19C-2D6C30BD425F}.Debug|Any CPU.Build.0 = Debug|Any CPU
		{709365C0-8153-447B-B19C-2D6C30BD425F}.Release|Any CPU.ActiveCfg = Release|Any CPU
		{709365C0-8153-447B-B19C-2D6C30BD425F}.Release|Any CPU.Build.0 = Release|Any CPU
		{5E4AF994-E23F-4BBE-8507-C5A912F3710D}.Debug|Any CPU.ActiveCfg = Debug|Any CPU
		{5E4AF994-E23F-4BBE-8507-C5A912F3710D}.Debug|Any CPU.Build.0 = Debug|Any CPU
		{5E4AF994-E23F-4BBE-8507-C5A912F3710D}.Release|Any CPU.ActiveCfg = Release|Any CPU
		{5E4AF994-E23F-4BBE-8507-C5A912F3710D}.Release|Any CPU.Build.0 = Release|Any CPU
		{D8BED2AF-243F-47C2-8E78-25A0556CDDB0}.Debug|Any CPU.ActiveCfg = Debug|Any CPU
		{D8BED2AF-243F-47C2-8E78-25A0556CDDB0}.Debug|Any CPU.Build.0 = Debug|Any CPU
		{D8BED2AF-243F-47C2-8E78-25A0556CDDB0}.Release|Any CPU.ActiveCfg = Release|Any CPU
		{D8BED2AF-243F-47C2-8E78-25A0556CDDB0}.Release|Any CPU.Build.0 = Release|Any CPU
	EndGlobalSection
	GlobalSection(SolutionProperties) = preSolution
		HideSolutionNode = FALSE
	EndGlobalSection
	GlobalSection(ExtensibilityGlobals) = postSolution
		SolutionGuid = {8AAE352C-27D7-4A61-9682-7928021070AB}
	EndGlobalSection
EndGlobal
